
Microsoft Visual Studio Solution File, Format Version 12.00
# Visual Studio Version 16
VisualStudioVersion = 16.0.33801.447
MinimumVisualStudioVersion = 10.0.40219.1
Project("{FAE04EC0-301F-11D3-BF4B-00C04F79EFBC}") = "BUOI3", "BUOI3\BUOI3.csproj", "{4909B20A-DBBA-4B5E-B2F6-652E93D6F72A}"
EndProject
Global
	GlobalSection(SolutionConfigurationPlatforms) = preSolution
		Debug|Any CPU = Debug|Any CPU
		Release|Any CPU = Release|Any CPU
	EndGlobalSection
	GlobalSection(ProjectConfigurationPlatforms) = postSolution
		{4909B20A-DBBA-4B5E-B2F6-652E93D6F72A}.Debug|Any CPU.ActiveCfg = Debug|Any CPU
		{4909B20A-DBBA-4B5E-B2F6-652E93D6F72A}.Debug|Any CPU.Build.0 = Debug|Any CPU
		{4909B20A-DBBA-4B5E-B2F6-652E93D6F72A}.Release|Any CPU.ActiveCfg = Release|Any CPU
		{4909B20A-DBBA-4B5E-B2F6-652E93D6F72A}.Release|Any CPU.Build.0 = Release|Any CPU
	EndGlobalSection
	GlobalSection(SolutionProperties) = preSolution
		HideSolutionNode = FALSE
	EndGlobalSection
	GlobalSection(ExtensibilityGlobals) = postSolution
		SolutionGuid = {4636C83A-457A-4785-B69E-297F51909089}
	EndGlobalSection
EndGlobal
