
Microsoft Visual Studio Solution File, Format Version 12.00
# Visual Studio Version 16
VisualStudioVersion = 16.0.33801.447
MinimumVisualStudioVersion = 10.0.40219.1
Project("{FAE04EC0-301F-11D3-BF4B-00C04F79EFBC}") = "Lonnhat", "Lonnhat\Lonnhat.csproj", "{738905D3-8E91-4077-995A-35E04679D37A}"
EndProject
Global
	GlobalSection(SolutionConfigurationPlatforms) = preSolution
		Debug|Any CPU = Debug|Any CPU
		Release|Any CPU = Release|Any CPU
	EndGlobalSection
	GlobalSection(ProjectConfigurationPlatforms) = postSolution
		{738905D3-8E91-4077-995A-35E04679D37A}.Debug|Any CPU.ActiveCfg = Debug|Any CPU
		{738905D3-8E91-4077-995A-35E04679D37A}.Debug|Any CPU.Build.0 = Debug|Any CPU
		{738905D3-8E91-4077-995A-35E04679D37A}.Release|Any CPU.ActiveCfg = Release|Any CPU
		{738905D3-8E91-4077-995A-35E04679D37A}.Release|Any CPU.Build.0 = Release|Any CPU
	EndGlobalSection
	GlobalSection(SolutionProperties) = preSolution
		HideSolutionNode = FALSE
	EndGlobalSection
	GlobalSection(ExtensibilityGlobals) = postSolution
		SolutionGuid = {638B07F4-054F-4251-92C4-2A80FB8D58D1}
	EndGlobalSection
EndGlobal
