
Microsoft Visual Studio Solution File, Format Version 12.00
# Visual Studio Version 16
VisualStudioVersion = 16.0.33801.447
MinimumVisualStudioVersion = 10.0.40219.1
Project("{FAE04EC0-301F-11D3-BF4B-00C04F79EFBC}") = "RanSanMoi", "RanSanMoi\RanSanMoi.csproj", "{FF8373FD-389E-422D-B50D-8CB5E0D7EB1D}"
EndProject
Global
	GlobalSection(SolutionConfigurationPlatforms) = preSolution
		Debug|Any CPU = Debug|Any CPU
		Release|Any CPU = Release|Any CPU
	EndGlobalSection
	GlobalSection(ProjectConfigurationPlatforms) = postSolution
		{FF8373FD-389E-422D-B50D-8CB5E0D7EB1D}.Debug|Any CPU.ActiveCfg = Debug|Any CPU
		{FF8373FD-389E-422D-B50D-8CB5E0D7EB1D}.Debug|Any CPU.Build.0 = Debug|Any CPU
		{FF8373FD-389E-422D-B50D-8CB5E0D7EB1D}.Release|Any CPU.ActiveCfg = Release|Any CPU
		{FF8373FD-389E-422D-B50D-8CB5E0D7EB1D}.Release|Any CPU.Build.0 = Release|Any CPU
	EndGlobalSection
	GlobalSection(SolutionProperties) = preSolution
		HideSolutionNode = FALSE
	EndGlobalSection
	GlobalSection(ExtensibilityGlobals) = postSolution
		SolutionGuid = {87E97F36-C250-4486-8C12-F4D8D8E1FB38}
	EndGlobalSection
EndGlobal
