
Microsoft Visual Studio Solution File, Format Version 12.00
# Visual Studio Version 16
VisualStudioVersion = 16.0.33801.447
MinimumVisualStudioVersion = 10.0.40219.1
Project("{FAE04EC0-301F-11D3-BF4B-00C04F79EFBC}") = "ConsoleApp3", "ConsoleApp3\ConsoleApp3.csproj", "{2E38529B-8213-4A6F-AAFE-DE658C203447}"
EndProject
Global
	GlobalSection(SolutionConfigurationPlatforms) = preSolution
		Debug|Any CPU = Debug|Any CPU
		Release|Any CPU = Release|Any CPU
	EndGlobalSection
	GlobalSection(ProjectConfigurationPlatforms) = postSolution
		{2E38529B-8213-4A6F-AAFE-DE658C203447}.Debug|Any CPU.ActiveCfg = Debug|Any CPU
		{2E38529B-8213-4A6F-AAFE-DE658C203447}.Debug|Any CPU.Build.0 = Debug|Any CPU
		{2E38529B-8213-4A6F-AAFE-DE658C203447}.Release|Any CPU.ActiveCfg = Release|Any CPU
		{2E38529B-8213-4A6F-AAFE-DE658C203447}.Release|Any CPU.Build.0 = Release|Any CPU
	EndGlobalSection
	GlobalSection(SolutionProperties) = preSolution
		HideSolutionNode = FALSE
	EndGlobalSection
	GlobalSection(ExtensibilityGlobals) = postSolution
		SolutionGuid = {033A0516-EDD7-4D27-B4B3-BCF8E7C29A51}
	EndGlobalSection
EndGlobal
