
Microsoft Visual Studio Solution File, Format Version 12.00
# Visual Studio Version 16
VisualStudioVersion = 16.0.33801.447
MinimumVisualStudioVersion = 10.0.40219.1
Project("{FAE04EC0-301F-11D3-BF4B-00C04F79EFBC}") = "List", "List\List.csproj", "{E6EDBD1C-90C7-46BD-92F0-9651C767708E}"
EndProject
Global
	GlobalSection(SolutionConfigurationPlatforms) = preSolution
		Debug|Any CPU = Debug|Any CPU
		Release|Any CPU = Release|Any CPU
	EndGlobalSection
	GlobalSection(ProjectConfigurationPlatforms) = postSolution
		{E6EDBD1C-90C7-46BD-92F0-9651C767708E}.Debug|Any CPU.ActiveCfg = Debug|Any CPU
		{E6EDBD1C-90C7-46BD-92F0-9651C767708E}.Debug|Any CPU.Build.0 = Debug|Any CPU
		{E6EDBD1C-90C7-46BD-92F0-9651C767708E}.Release|Any CPU.ActiveCfg = Release|Any CPU
		{E6EDBD1C-90C7-46BD-92F0-9651C767708E}.Release|Any CPU.Build.0 = Release|Any CPU
	EndGlobalSection
	GlobalSection(SolutionProperties) = preSolution
		HideSolutionNode = FALSE
	EndGlobalSection
	GlobalSection(ExtensibilityGlobals) = postSolution
		SolutionGuid = {4CF6B2D3-A194-433A-BFFB-63BCEFF83EC2}
	EndGlobalSection
EndGlobal
